
Microsoft Visual Studio Solution File, Format Version 12.00
# Visual Studio 15
VisualStudioVersion = 15.0.28307.705
MinimumVisualStudioVersion = 10.0.40219.1
Project("{FAE04EC0-301F-11D3-BF4B-00C04F79EFBC}") = "boilerplate-netcore-api", "boilerplate-netcore-api\boilerplate-netcore-api.csproj", "{D8CA9BBB-8E5C-45EF-80E2-1AEEE4C96F5F}"
EndProject
Global
	GlobalSection(SolutionConfigurationPlatforms) = preSolution
		Debug|Any CPU = Debug|Any CPU
		Release|Any CPU = Release|Any CPU
	EndGlobalSection
	GlobalSection(ProjectConfigurationPlatforms) = postSolution
		{D8CA9BBB-8E5C-45EF-80E2-1AEEE4C96F5F}.Debug|Any CPU.ActiveCfg = Debug|Any CPU
		{D8CA9BBB-8E5C-45EF-80E2-1AEEE4C96F5F}.Debug|Any CPU.Build.0 = Debug|Any CPU
		{D8CA9BBB-8E5C-45EF-80E2-1AEEE4C96F5F}.Release|Any CPU.ActiveCfg = Release|Any CPU
		{D8CA9BBB-8E5C-45EF-80E2-1AEEE4C96F5F}.Release|Any CPU.Build.0 = Release|Any CPU
	EndGlobalSection
	GlobalSection(SolutionProperties) = preSolution
		HideSolutionNode = FALSE
	EndGlobalSection
	GlobalSection(ExtensibilityGlobals) = postSolution
		SolutionGuid = {3A803875-67D8-4494-8261-620FFC2C95A8}
	EndGlobalSection
EndGlobal
